{
  "name": "pluto-meltano",
  "version": "1.0.0",
  "lockfileVersion": 3,
  "requires": true,
  "packages": {
    "": {
      "name": "pluto-meltano",
      "version": "1.0.0",
      "license": "ISC",
      "devDependencies": {
        "@gooddata/code-cli": "^0.4.1"
      }
    },
    "node_modules/@gooddata/code-cli": {
      "version": "0.4.1",
      "resolved": "https://registry.npmjs.org/@gooddata/code-cli/-/code-cli-0.4.1.tgz",
      "integrity": "sha512-SiNM0IPDnlt25Peo3WDYtiEj2Yzq19Jy0avisMEztZdGfPx0riEBp/hVmknnaNuy174lj0MdTByI3miccr+EDw==",
      "dev": true,
      "bin": {
        "gd": "bin/gd"
      },
      "engines": {
        "node": ">=16.14.0"
      }
    }
  }
}
